{
  "nodes": {
    "bifrost": {
      "flake": false,
      "locked": {
        "lastModified": 1789994472,
        "narHash": "sha256-ol1gyMsEAcnIV4FIm19xxzXa2/7YQLTuTTNaiQww5ts=",
        "owner": "applyinnovations",
        "repo": "bifrost",
        "rev": "bc0ff9e2bc56381c668301d35fa0cc378edff4d3",
        "type": "github"
      },
      "original": {
        "owner": "applyinnovations",
        "repo": "bifrost",
        "rev": "bc0ff9e2bc56381c668301d35fa0cc378edff4d3",
        "type": "github"
      }
    },
    "nixpkgs": {
      "locked": {
        "lastModified": 1789684949,
        "narHash": "sha256-ZKhUe/2IJUq1JhKxKMu8rbkgSGmPP2ZCqlIPn40aGCM=",
        "owner": "NixOS",
        "repo": "nixpkgs",
        "rev": "e554fab72f81915600f3f449b786fd9af40439a5",
        "type": "github"
      },
      "original": {
        "owner": "NixOS",
        "ref": "nixos-unstable",
        "repo": "nixpkgs",
        "type": "github"
      }
    },
    "root": {
      "inputs": {
        "bifrost": "bifrost",
        "nixpkgs": "nixpkgs",
        "systems": "systems"
      }
    },
    "systems": {
      "locked": {
        "lastModified": 1689347949,
        "narHash": "sha256-12tWmuL2zgBgZkdoB6qXZsgJEH9LR3oUgpaQq2RbI80=",
        "owner": "nix-systems",
        "repo": "default-linux",
        "rev": "31732fcf5e8fea42e59c2488ad31a0e651500f68",
        "type": "github"
      },
      "original": {
        "owner": "nix-systems",
        "repo": "default-linux",
        "type": "github"
      }
    }
  },
  "root": "root",
  "version": 7
}
